
Microsoft Visual Studio Solution File, Format Version 12.00
# Visual Studio Version 16
VisualStudioVersion = 16.0.31205.134
MinimumVisualStudioVersion = 10.0.40219.1
Project("{FAE04EC0-301F-11D3-BF4B-00C04F79EFBC}") = "Restart", "Restart\Restart.csproj", "{1A8E6547-77A4-4490-B152-437AD391F88C}"
EndProject
Global
	GlobalSection(SolutionConfigurationPlatforms) = preSolution
		Debug|Any CPU = Debug|Any CPU
		Release|Any CPU = Release|Any CPU
	EndGlobalSection
	GlobalSection(ProjectConfigurationPlatforms) = postSolution
		{1A8E6547-77A4-4490-B152-437AD391F88C}.Debug|Any CPU.ActiveCfg = Debug|Any CPU
		{1A8E6547-77A4-4490-B152-437AD391F88C}.Debug|Any CPU.Build.0 = Debug|Any CPU
		{1A8E6547-77A4-4490-B152-437AD391F88C}.Release|Any CPU.ActiveCfg = Release|Any CPU
		{1A8E6547-77A4-4490-B152-437AD391F88C}.Release|Any CPU.Build.0 = Release|Any CPU
	EndGlobalSection
	GlobalSection(SolutionProperties) = preSolution
		HideSolutionNode = FALSE
	EndGlobalSection
	GlobalSection(ExtensibilityGlobals) = postSolution
		SolutionGuid = {385B94B5-B677-4A56-92E3-76184A485E03}
	EndGlobalSection
EndGlobal
